// !$*UTF8*$!
{
	archiveVersion = 1;
	classes = {
	};
	objectVersion = 46;
	objects = {

/* Begin PBXBuildFile section */
		2C05A19C06CAA52B00D84F6F /* GetMetadataForFile.mm in Sources */ = {isa = PBXBuildFile; fileRef = 2C05A19B06CAA52B00D84F6F /* GetMetadataForFile.mm */; };
		831339F009F13D370039DDDC /* libinchi.0.dylib in Frameworks */ = {isa = PBXBuildFile; fileRef = 8305B04209EEF8BB006069C7 /* libinchi.0.dylib */; };
		834A3B0F122C3F330070104D /* libopenbabel.4.dylib in Frameworks */ = {isa = PBXBuildFile; fileRef = 834A3B0E122C3F330070104D /* libopenbabel.4.dylib */; };
		834CD5C00A1F849E00AAF0BD /* Subscripts.h in Headers */ = {isa = PBXBuildFile; fileRef = 834CD5BF0A1F849E00AAF0BD /* Subscripts.h */; };
		83562B9D0832E01C0068C052 /* Babel.icns in Resources */ = {isa = PBXBuildFile; fileRef = 83562B9C0832E01C0068C052 /* Babel.icns */; };
		838980B10A29047C00E896BA /* Superscripts.h in Headers */ = {isa = PBXBuildFile; fileRef = 838980B00A29047C00E896BA /* Superscripts.h */; };
		838B8852122DA02200BE20F2 /* Foundation.framework in Frameworks */ = {isa = PBXBuildFile; fileRef = 838B8851122DA02200BE20F2 /* Foundation.framework */; };
		8D576312048677EA00EA77CD /* main.mm in Sources */ = {isa = PBXBuildFile; fileRef = 08FB77B6FE84183AC02AAC07 /* main.mm */; settings = {ATTRIBUTES = (); }; };
		8D576314048677EA00EA77CD /* CoreFoundation.framework in Frameworks */ = {isa = PBXBuildFile; fileRef = 0AA1909FFE8422F4C02AAC07 /* CoreFoundation.framework */; };
		8D5B49A804867FD3000E48DA /* InfoPlist.strings in Resources */ = {isa = PBXBuildFile; fileRef = 8D5B49A704867FD3000E48DA /* InfoPlist.strings */; };
		C86B05270671AA6E00DD9006 /* CoreServices.framework in Frameworks */ = {isa = PBXBuildFile; fileRef = C86B05260671AA6E00DD9006 /* CoreServices.framework */; };
		C88FB7D8067446EC006EBB30 /* schema.xml in Resources */ = {isa = PBXBuildFile; fileRef = C88FB7D7067446EC006EBB30 /* schema.xml */; };
		C88FB7E40674480E006EBB30 /* schema.strings in Resources */ = {isa = PBXBuildFile; fileRef = C88FB7E30674480E006EBB30 /* schema.strings */; };
/* End PBXBuildFile section */

/* Begin PBXBuildRule section */
		835EF3F609E6FB41004F8022 /* PBXBuildRule */ = {
			isa = PBXBuildRule;
			compilerSpec = com.apple.compilers.gcc;
			fileType = sourcecode.cpp;
			isEditable = 1;
			outputFiles = (
			);
		};
/* End PBXBuildRule section */

/* Begin PBXFileReference section */
		089C167EFE841241C02AAC07 /* English */ = {isa = PBXFileReference; fileEncoding = 10; lastKnownFileType = text.plist.strings; name = English; path = English.lproj/InfoPlist.strings; sourceTree = "<group>"; };
		08FB77B6FE84183AC02AAC07 /* main.mm */ = {isa = PBXFileReference; fileEncoding = 4; lastKnownFileType = sourcecode.cpp.objcpp; path = main.mm; sourceTree = "<group>"; };
		0AA1909FFE8422F4C02AAC07 /* CoreFoundation.framework */ = {isa = PBXFileReference; lastKnownFileType = wrapper.framework; name = CoreFoundation.framework; path = /System/Library/Frameworks/CoreFoundation.framework; sourceTree = "<absolute>"; };
		2C05A19B06CAA52B00D84F6F /* GetMetadataForFile.mm */ = {isa = PBXFileReference; fileEncoding = 4; lastKnownFileType = sourcecode.cpp.objcpp; path = GetMetadataForFile.mm; sourceTree = "<group>"; };
		8305B04209EEF8BB006069C7 /* libinchi.0.dylib */ = {isa = PBXFileReference; lastKnownFileType = "compiled.mach-o.dylib"; name = libinchi.0.dylib; path = /usr/local/lib/libinchi.0.dylib; sourceTree = "<absolute>"; };
		834A3B0E122C3F330070104D /* libopenbabel.4.dylib */ = {isa = PBXFileReference; lastKnownFileType = "compiled.mach-o.dylib"; name = libopenbabel.4.dylib; path = /usr/local/lib/libopenbabel.4.dylib; sourceTree = "<absolute>"; };
		834CD5BF0A1F849E00AAF0BD /* Subscripts.h */ = {isa = PBXFileReference; fileEncoding = 4; lastKnownFileType = sourcecode.c.h; path = Subscripts.h; sourceTree = "<group>"; };
		83562B9C0832E01C0068C052 /* Babel.icns */ = {isa = PBXFileReference; lastKnownFileType = image.icns; path = Babel.icns; sourceTree = "<group>"; };
		838980B00A29047C00E896BA /* Superscripts.h */ = {isa = PBXFileReference; fileEncoding = 4; lastKnownFileType = sourcecode.c.h; path = Superscripts.h; sourceTree = "<group>"; };
		838B8851122DA02200BE20F2 /* Foundation.framework */ = {isa = PBXFileReference; lastKnownFileType = wrapper.framework; name = Foundation.framework; path = /System/Library/Frameworks/Foundation.framework; sourceTree = "<absolute>"; };
		8D576316048677EA00EA77CD /* ChemSpotlight.mdimporter */ = {isa = PBXFileReference; explicitFileType = wrapper.cfbundle; includeInIndex = 0; path = ChemSpotlight.mdimporter; sourceTree = BUILT_PRODUCTS_DIR; };
		8D576317048677EA00EA77CD /* Info.plist */ = {isa = PBXFileReference; fileEncoding = 4; lastKnownFileType = text.plist; path = Info.plist; sourceTree = "<group>"; };
		C86B05260671AA6E00DD9006 /* CoreServices.framework */ = {isa = PBXFileReference; lastKnownFileType = wrapper.framework; name = CoreServices.framework; path = /System/Library/Frameworks/CoreServices.framework; sourceTree = "<absolute>"; };
		C88FB7D7067446EC006EBB30 /* schema.xml */ = {isa = PBXFileReference; fileEncoding = 4; lastKnownFileType = text.xml; path = schema.xml; sourceTree = "<group>"; };
		C88FB7DB0674470F006EBB30 /* English */ = {isa = PBXFileReference; fileEncoding = 10; lastKnownFileType = text.plist.strings; name = English; path = English.lproj/schema.strings; sourceTree = "<group>"; };
/* End PBXFileReference section */

/* Begin PBXFrameworksBuildPhase section */
		8D576313048677EA00EA77CD /* Frameworks */ = {
			isa = PBXFrameworksBuildPhase;
			buildActionMask = 2147483647;
			files = (
				831339F009F13D370039DDDC /* libinchi.0.dylib in Frameworks */,
				8D576314048677EA00EA77CD /* CoreFoundation.framework in Frameworks */,
				C86B05270671AA6E00DD9006 /* CoreServices.framework in Frameworks */,
				834A3B0F122C3F330070104D /* libopenbabel.4.dylib in Frameworks */,
				838B8852122DA02200BE20F2 /* Foundation.framework in Frameworks */,
			);
			runOnlyForDeploymentPostprocessing = 0;
		};
/* End PBXFrameworksBuildPhase section */

/* Begin PBXGroup section */
		089C166AFE841209C02AAC07 /* OB-Spotlight */ = {
			isa = PBXGroup;
			children = (
				08FB77AFFE84173DC02AAC07 /* Source */,
				089C167CFE841241C02AAC07 /* Resources */,
				089C1671FE841209C02AAC07 /* External Frameworks and Libraries */,
				19C28FB6FE9D52B211CA2CBB /* Products */,
			);
			name = "OB-Spotlight";
			sourceTree = "<group>";
		};
		089C1671FE841209C02AAC07 /* External Frameworks and Libraries */ = {
			isa = PBXGroup;
			children = (
				838B8851122DA02200BE20F2 /* Foundation.framework */,
				834A3B0E122C3F330070104D /* libopenbabel.4.dylib */,
				8305B04209EEF8BB006069C7 /* libinchi.0.dylib */,
				C86B05260671AA6E00DD9006 /* CoreServices.framework */,
				0AA1909FFE8422F4C02AAC07 /* CoreFoundation.framework */,
			);
			name = "External Frameworks and Libraries";
			sourceTree = "<group>";
		};
		089C167CFE841241C02AAC07 /* Resources */ = {
			isa = PBXGroup;
			children = (
				C88FB7E30674480E006EBB30 /* schema.strings */,
				C88FB7D7067446EC006EBB30 /* schema.xml */,
				8D576317048677EA00EA77CD /* Info.plist */,
				83562B9C0832E01C0068C052 /* Babel.icns */,
				8D5B49A704867FD3000E48DA /* InfoPlist.strings */,
			);
			name = Resources;
			sourceTree = "<group>";
		};
		08FB77AFFE84173DC02AAC07 /* Source */ = {
			isa = PBXGroup;
			children = (
				838980B00A29047C00E896BA /* Superscripts.h */,
				834CD5BF0A1F849E00AAF0BD /* Subscripts.h */,
				2C05A19B06CAA52B00D84F6F /* GetMetadataForFile.mm */,
				08FB77B6FE84183AC02AAC07 /* main.mm */,
			);
			name = Source;
			sourceTree = "<group>";
		};
		19C28FB6FE9D52B211CA2CBB /* Products */ = {
			isa = PBXGroup;
			children = (
				8D576316048677EA00EA77CD /* ChemSpotlight.mdimporter */,
			);
			name = Products;
			sourceTree = "<group>";
		};
/* End PBXGroup section */

/* Begin PBXHeadersBuildPhase section */
		8D57630E048677EA00EA77CD /* Headers */ = {
			isa = PBXHeadersBuildPhase;
			buildActionMask = 2147483647;
			files = (
				834CD5C00A1F849E00AAF0BD /* Subscripts.h in Headers */,
				838980B10A29047C00E896BA /* Superscripts.h in Headers */,
			);
			runOnlyForDeploymentPostprocessing = 0;
		};
/* End PBXHeadersBuildPhase section */

/* Begin PBXNativeTarget section */
		8D57630D048677EA00EA77CD /* ChemSpotlight */ = {
			isa = PBXNativeTarget;
			buildConfigurationList = 8308C4E90856395F00014B30 /* Build configuration list for PBXNativeTarget "ChemSpotlight" */;
			buildPhases = (
				8D57630E048677EA00EA77CD /* Headers */,
				8D57630F048677EA00EA77CD /* Resources */,
				8D576311048677EA00EA77CD /* Sources */,
				8D576313048677EA00EA77CD /* Frameworks */,
				8D576315048677EA00EA77CD /* Rez */,
			);
			buildRules = (
				835EF3F609E6FB41004F8022 /* PBXBuildRule */,
			);
			dependencies = (
			);
			name = ChemSpotlight;
			productInstallPath = /Library/Spotlight;
			productName = "OB-Spotlight";
			productReference = 8D576316048677EA00EA77CD /* ChemSpotlight.mdimporter */;
			productType = "com.apple.product-type.bundle";
		};
/* End PBXNativeTarget section */

/* Begin PBXProject section */
		089C1669FE841209C02AAC07 /* Project object */ = {
			isa = PBXProject;
			attributes = {
				BuildIndependentTargetsInParallel = YES;
				ORGANIZATIONNAME = net.openmolecules;
			};
			buildConfigurationList = 8308C4ED0856395F00014B30 /* Build configuration list for PBXProject "OB-Spotlight" */;
			compatibilityVersion = "Xcode 3.2";
			hasScannedForEncodings = 1;
			mainGroup = 089C166AFE841209C02AAC07 /* OB-Spotlight */;
			projectDirPath = "";
			projectRoot = "";
			targets = (
				8D57630D048677EA00EA77CD /* ChemSpotlight */,
			);
		};
/* End PBXProject section */

/* Begin PBXResourcesBuildPhase section */
		8D57630F048677EA00EA77CD /* Resources */ = {
			isa = PBXResourcesBuildPhase;
			buildActionMask = 2147483647;
			files = (
				8D5B49A804867FD3000E48DA /* InfoPlist.strings in Resources */,
				C88FB7D8067446EC006EBB30 /* schema.xml in Resources */,
				C88FB7E40674480E006EBB30 /* schema.strings in Resources */,
				83562B9D0832E01C0068C052 /* Babel.icns in Resources */,
			);
			runOnlyForDeploymentPostprocessing = 0;
		};
/* End PBXResourcesBuildPhase section */

/* Begin PBXRezBuildPhase section */
		8D576315048677EA00EA77CD /* Rez */ = {
			isa = PBXRezBuildPhase;
			buildActionMask = 2147483647;
			files = (
			);
			runOnlyForDeploymentPostprocessing = 0;
		};
/* End PBXRezBuildPhase section */

/* Begin PBXSourcesBuildPhase section */
		8D576311048677EA00EA77CD /* Sources */ = {
			isa = PBXSourcesBuildPhase;
			buildActionMask = 2147483647;
			files = (
				8D576312048677EA00EA77CD /* main.mm in Sources */,
				2C05A19C06CAA52B00D84F6F /* GetMetadataForFile.mm in Sources */,
			);
			runOnlyForDeploymentPostprocessing = 0;
		};
/* End PBXSourcesBuildPhase section */

/* Begin PBXVariantGroup section */
		8D5B49A704867FD3000E48DA /* InfoPlist.strings */ = {
			isa = PBXVariantGroup;
			children = (
				089C167EFE841241C02AAC07 /* English */,
			);
			name = InfoPlist.strings;
			sourceTree = "<group>";
		};
		C88FB7E30674480E006EBB30 /* schema.strings */ = {
			isa = PBXVariantGroup;
			children = (
				C88FB7DB0674470F006EBB30 /* English */,
			);
			name = schema.strings;
			sourceTree = "<group>";
		};
/* End PBXVariantGroup section */

/* Begin XCBuildConfiguration section */
		8308C4EA0856395F00014B30 /* Debug */ = {
			isa = XCBuildConfiguration;
			buildSettings = {
				COPY_PHASE_STRIP = NO;
				DEBUGGING_SYMBOLS = YES;
				FRAMEWORK_SEARCH_PATHS = "";
				GCC_CW_ASM_SYNTAX = NO;
				GCC_DYNAMIC_NO_PIC = NO;
				GCC_ENABLE_CPP_EXCEPTIONS = NO;
				GCC_ENABLE_CPP_RTTI = NO;
				GCC_ENABLE_FIX_AND_CONTINUE = YES;
				GCC_ENABLE_PASCAL_STRINGS = NO;
				GCC_GENERATE_DEBUGGING_SYMBOLS = YES;
				GCC_OPTIMIZATION_LEVEL = 0;
				GCC_PRECOMPILE_PREFIX_HEADER = NO;
				GCC_WARN_ABOUT_RETURN_TYPE = YES;
				GCC_WARN_FOUR_CHARACTER_CONSTANTS = NO;
				GCC_WARN_UNKNOWN_PRAGMAS = NO;
				GCC_WARN_UNUSED_VARIABLE = YES;
				HEADER_SEARCH_PATHS = "/usr/local/include/openbabel-2.0/";
				INFOPLIST_FILE = Info.plist;
				INSTALL_PATH = /Library/Spotlight;
				LIBRARY_SEARCH_PATHS = (
					/usr/local/lib,
					"$(SRCROOT)",
				);
				LIBRARY_STYLE = Bundle;
				OTHER_CFLAGS = "";
				OTHER_LDFLAGS = (
					"-lopenbabel",
					"-lz",
				);
				OTHER_REZFLAGS = "";
				PREBINDING = NO;
				PRODUCT_NAME = ChemSpotlight;
				SECTORDER_FLAGS = "";
				WARNING_CFLAGS = (
					"-Wmost",
					"-Wno-four-char-constants",
					"-Wno-unknown-pragmas",
				);
				WRAPPER_EXTENSION = mdimporter;
				ZERO_LINK = NO;
			};
			name = Debug;
		};
		8308C4EB0856395F00014B30 /* Release */ = {
			isa = XCBuildConfiguration;
			buildSettings = {
				ARCHS = "$(ARCHS_STANDARD_32_64_BIT)";
				COPY_PHASE_STRIP = YES;
				FRAMEWORK_SEARCH_PATHS = "";
				GCC_CW_ASM_SYNTAX = NO;
				GCC_ENABLE_CPP_EXCEPTIONS = NO;
				GCC_ENABLE_CPP_RTTI = NO;
				GCC_ENABLE_FIX_AND_CONTINUE = NO;
				GCC_ENABLE_PASCAL_STRINGS = NO;
				GCC_GENERATE_DEBUGGING_SYMBOLS = NO;
				GCC_PRECOMPILE_PREFIX_HEADER = NO;
				GCC_WARN_ABOUT_RETURN_TYPE = YES;
				GCC_WARN_FOUR_CHARACTER_CONSTANTS = NO;
				GCC_WARN_UNKNOWN_PRAGMAS = NO;
				GCC_WARN_UNUSED_VARIABLE = YES;
				HEADER_SEARCH_PATHS = "/usr/local/include/openbabel-2.0/";
				INFOPLIST_FILE = Info.plist;
				INSTALL_PATH = /Library/Spotlight;
				LIBRARY_SEARCH_PATHS = (
					/usr/local/lib,
					"$(SRCROOT)",
				);
				LIBRARY_STYLE = Bundle;
				OTHER_CFLAGS = "";
				OTHER_LDFLAGS = "-lz";
				OTHER_REZFLAGS = "";
				PREBINDING = NO;
				PRODUCT_NAME = ChemSpotlight;
				SECTORDER_FLAGS = "";
				WARNING_CFLAGS = (
					"-Wmost",
					"-Wno-four-char-constants",
					"-Wno-unknown-pragmas",
				);
				WRAPPER_EXTENSION = mdimporter;
				ZERO_LINK = NO;
			};
			name = Release;
		};
		8308C4EE0856395F00014B30 /* Debug */ = {
			isa = XCBuildConfiguration;
			buildSettings = {
				ARCHS = "$(ARCHS_STANDARD_32_64_BIT)";
				GCC_VERSION = 4.0;
				SDKROOT = macosx10.5;
			};
			name = Debug;
		};
		8308C4EF0856395F00014B30 /* Release */ = {
			isa = XCBuildConfiguration;
			buildSettings = {
				ARCHS = "$(ARCHS_STANDARD_32_64_BIT)";
				GCC_ENABLE_CPP_EXCEPTIONS = NO;
				GCC_VERSION = "";
				SDKROOT = macosx10.5;
				USER_HEADER_SEARCH_PATHS = "/usr/local/include/openbabel-2.0 $(inherited)";
			};
			name = Release;
		};
/* End XCBuildConfiguration section */

/* Begin XCConfigurationList section */
		8308C4E90856395F00014B30 /* Build configuration list for PBXNativeTarget "ChemSpotlight" */ = {
			isa = XCConfigurationList;
			buildConfigurations = (
				8308C4EA0856395F00014B30 /* Debug */,
				8308C4EB0856395F00014B30 /* Release */,
			);
			defaultConfigurationIsVisible = 0;
			defaultConfigurationName = Release;
		};
		8308C4ED0856395F00014B30 /* Build configuration list for PBXProject "OB-Spotlight" */ = {
			isa = XCConfigurationList;
			buildConfigurations = (
				8308C4EE0856395F00014B30 /* Debug */,
				8308C4EF0856395F00014B30 /* Release */,
			);
			defaultConfigurationIsVisible = 0;
			defaultConfigurationName = Release;
		};
/* End XCConfigurationList section */
	};
	rootObject = 089C1669FE841209C02AAC07 /* Project object */;
}
